
Microsoft Visual Studio Solution File, Format Version 12.00
# Visual Studio 2013
VisualStudioVersion = 12.0.40629.0
MinimumVisualStudioVersion = 10.0.40219.1
Project("{FAE04EC0-301F-11D3-BF4B-00C04F79EFBC}") = "TestServiceCommunicator", "TestServiceCommunicator\TestServiceCommunicator.csproj", "{14A25DD4-32A8-461E-8BB6-5DAD7132445D}"
EndProject
Project("{FAE04EC0-301F-11D3-BF4B-00C04F79EFBC}") = "Mediator", "Mediator\Mediator.csproj", "{1C1356C0-85A6-4DEE-9F6A-AED52165A0EF}"
EndProject
Project("{FAE04EC0-301F-11D3-BF4B-00C04F79EFBC}") = "Define", "Define\Define.csproj", "{661B2424-F567-46C3-BF51-68049FE86558}"
EndProject
Project("{FAE04EC0-301F-11D3-BF4B-00C04F79EFBC}") = "Common", "Common\Common.csproj", "{FAF48602-4478-48CF-A0CF-7FD457AE1FA1}"
EndProject
Project("{FAE04EC0-301F-11D3-BF4B-00C04F79EFBC}") = "Communication", "Communicator\Communication.csproj", "{90FC0A23-FAC7-4346-B24A-38729AF56528}"
EndProject
Project("{2150E333-8FDC-42A3-9474-1A3956D46DE8}") = ".nuget", ".nuget", "{A3E367FF-B5AD-45BC-BEA8-39E54AF8FB43}"
	ProjectSection(SolutionItems) = preProject
		.nuget\NuGet.Config = .nuget\NuGet.Config
		.nuget\NuGet.exe = .nuget\NuGet.exe
		.nuget\NuGet.targets = .nuget\NuGet.targets
	EndProjectSection
EndProject
Project("{FAE04EC0-301F-11D3-BF4B-00C04F79EFBC}") = "TestServer", "TestServer\TestServer.csproj", "{F7BC0376-3424-4843-9186-C5D0B9F388C4}"
EndProject
Project("{FAE04EC0-301F-11D3-BF4B-00C04F79EFBC}") = "TestClient", "TestClient\TestClient.csproj", "{257BC3E2-7F60-4F25-B5BE-30724C83D496}"
EndProject
Global
	GlobalSection(SolutionConfigurationPlatforms) = preSolution
		Debug|Any CPU = Debug|Any CPU
		Release|Any CPU = Release|Any CPU
	EndGlobalSection
	GlobalSection(ProjectConfigurationPlatforms) = postSolution
		{14A25DD4-32A8-461E-8BB6-5DAD7132445D}.Debug|Any CPU.ActiveCfg = Debug|Any CPU
		{14A25DD4-32A8-461E-8BB6-5DAD7132445D}.Debug|Any CPU.Build.0 = Debug|Any CPU
		{14A25DD4-32A8-461E-8BB6-5DAD7132445D}.Release|Any CPU.ActiveCfg = Release|Any CPU
		{14A25DD4-32A8-461E-8BB6-5DAD7132445D}.Release|Any CPU.Build.0 = Release|Any CPU
		{1C1356C0-85A6-4DEE-9F6A-AED52165A0EF}.Debug|Any CPU.ActiveCfg = Debug|Any CPU
		{1C1356C0-85A6-4DEE-9F6A-AED52165A0EF}.Debug|Any CPU.Build.0 = Debug|Any CPU
		{1C1356C0-85A6-4DEE-9F6A-AED52165A0EF}.Release|Any CPU.ActiveCfg = Release|Any CPU
		{1C1356C0-85A6-4DEE-9F6A-AED52165A0EF}.Release|Any CPU.Build.0 = Release|Any CPU
		{661B2424-F567-46C3-BF51-68049FE86558}.Debug|Any CPU.ActiveCfg = Debug|Any CPU
		{661B2424-F567-46C3-BF51-68049FE86558}.Debug|Any CPU.Build.0 = Debug|Any CPU
		{661B2424-F567-46C3-BF51-68049FE86558}.Release|Any CPU.ActiveCfg = Release|Any CPU
		{661B2424-F567-46C3-BF51-68049FE86558}.Release|Any CPU.Build.0 = Release|Any CPU
		{FAF48602-4478-48CF-A0CF-7FD457AE1FA1}.Debug|Any CPU.ActiveCfg = Debug|Any CPU
		{FAF48602-4478-48CF-A0CF-7FD457AE1FA1}.Debug|Any CPU.Build.0 = Debug|Any CPU
		{FAF48602-4478-48CF-A0CF-7FD457AE1FA1}.Release|Any CPU.ActiveCfg = Release|Any CPU
		{FAF48602-4478-48CF-A0CF-7FD457AE1FA1}.Release|Any CPU.Build.0 = Release|Any CPU
		{90FC0A23-FAC7-4346-B24A-38729AF56528}.Debug|Any CPU.ActiveCfg = Debug|Any CPU
		{90FC0A23-FAC7-4346-B24A-38729AF56528}.Debug|Any CPU.Build.0 = Debug|Any CPU
		{90FC0A23-FAC7-4346-B24A-38729AF56528}.Release|Any CPU.ActiveCfg = Release|Any CPU
		{90FC0A23-FAC7-4346-B24A-38729AF56528}.Release|Any CPU.Build.0 = Release|Any CPU
		{F7BC0376-3424-4843-9186-C5D0B9F388C4}.Debug|Any CPU.ActiveCfg = Debug|Any CPU
		{F7BC0376-3424-4843-9186-C5D0B9F388C4}.Debug|Any CPU.Build.0 = Debug|Any CPU
		{F7BC0376-3424-4843-9186-C5D0B9F388C4}.Release|Any CPU.ActiveCfg = Release|Any CPU
		{F7BC0376-3424-4843-9186-C5D0B9F388C4}.Release|Any CPU.Build.0 = Release|Any CPU
		{257BC3E2-7F60-4F25-B5BE-30724C83D496}.Debug|Any CPU.ActiveCfg = Debug|Any CPU
		{257BC3E2-7F60-4F25-B5BE-30724C83D496}.Debug|Any CPU.Build.0 = Debug|Any CPU
		{257BC3E2-7F60-4F25-B5BE-30724C83D496}.Release|Any CPU.ActiveCfg = Release|Any CPU
		{257BC3E2-7F60-4F25-B5BE-30724C83D496}.Release|Any CPU.Build.0 = Release|Any CPU
	EndGlobalSection
	GlobalSection(SolutionProperties) = preSolution
		HideSolutionNode = FALSE
	EndGlobalSection
EndGlobal
